
Microsoft Visual Studio Solution File, Format Version 12.00
Project("{FAE04EC0-301F-11D3-BF4B-00C04F79EFBC}") = "Learning4", "Learning4\Learning4.csproj", "{E2872FBF-D0B3-4C28-92C9-001E1A957E94}"
EndProject
Global
	GlobalSection(SolutionConfigurationPlatforms) = preSolution
		Debug|Any CPU = Debug|Any CPU
		Release|Any CPU = Release|Any CPU
	EndGlobalSection
	GlobalSection(ProjectConfigurationPlatforms) = postSolution
		{E2872FBF-D0B3-4C28-92C9-001E1A957E94}.Debug|Any CPU.ActiveCfg = Debug|Any CPU
		{E2872FBF-D0B3-4C28-92C9-001E1A957E94}.Debug|Any CPU.Build.0 = Debug|Any CPU
		{E2872FBF-D0B3-4C28-92C9-001E1A957E94}.Release|Any CPU.ActiveCfg = Release|Any CPU
		{E2872FBF-D0B3-4C28-92C9-001E1A957E94}.Release|Any CPU.Build.0 = Release|Any CPU
	EndGlobalSection
EndGlobal
